// !$*UTF8*$!
{
	archiveVersion = 1;
	classes = {
	};
	objectVersion = 46;
	objects = {

/* Begin PBXBuildFile section */
		90EF28D91EE56A28006013D7 /* Parser.swift in Sources */ = {isa = PBXBuildFile; fileRef = 90EF28D71EE56A28006013D7 /* Parser.swift */; };
		90EF28DA1EE56A28006013D7 /* Fraction.swift in Sources */ = {isa = PBXBuildFile; fileRef = 90EF28D81EE56A28006013D7 /* Fraction.swift */; };
		90F1443B1EE5053900C41501 /* AppDelegate.swift in Sources */ = {isa = PBXBuildFile; fileRef = 90F1443A1EE5053900C41501 /* AppDelegate.swift */; };
		90F1443D1EE5053900C41501 /* ViewController.swift in Sources */ = {isa = PBXBuildFile; fileRef = 90F1443C1EE5053900C41501 /* ViewController.swift */; };
		90F144401EE5053900C41501 /* Main.storyboard in Resources */ = {isa = PBXBuildFile; fileRef = 90F1443E1EE5053900C41501 /* Main.storyboard */; };
		90F144421EE5053900C41501 /* Assets.xcassets in Resources */ = {isa = PBXBuildFile; fileRef = 90F144411EE5053900C41501 /* Assets.xcassets */; };
		90F144451EE5053900C41501 /* LaunchScreen.storyboard in Resources */ = {isa = PBXBuildFile; fileRef = 90F144431EE5053900C41501 /* LaunchScreen.storyboard */; };
/* End PBXBuildFile section */

/* Begin PBXFileReference section */
		90EF28D71EE56A28006013D7 /* Parser.swift */ = {isa = PBXFileReference; fileEncoding = 4; lastKnownFileType = sourcecode.swift; path = Parser.swift; sourceTree = "<group>"; };
		90EF28D81EE56A28006013D7 /* Fraction.swift */ = {isa = PBXFileReference; fileEncoding = 4; lastKnownFileType = sourcecode.swift; path = Fraction.swift; sourceTree = "<group>"; };
		90F144371EE5053900C41501 /* TrungCalculator.app */ = {isa = PBXFileReference; explicitFileType = wrapper.application; includeInIndex = 0; path = TrungCalculator.app; sourceTree = BUILT_PRODUCTS_DIR; };
		90F1443A1EE5053900C41501 /* AppDelegate.swift */ = {isa = PBXFileReference; lastKnownFileType = sourcecode.swift; path = AppDelegate.swift; sourceTree = "<group>"; };
		90F1443C1EE5053900C41501 /* ViewController.swift */ = {isa = PBXFileReference; lastKnownFileType = sourcecode.swift; path = ViewController.swift; sourceTree = "<group>"; };
		90F1443F1EE5053900C41501 /* Base */ = {isa = PBXFileReference; lastKnownFileType = file.storyboard; name = Base; path = Base.lproj/Main.storyboard; sourceTree = "<group>"; };
		90F144411EE5053900C41501 /* Assets.xcassets */ = {isa = PBXFileReference; lastKnownFileType = folder.assetcatalog; path = Assets.xcassets; sourceTree = "<group>"; };
		90F144441EE5053900C41501 /* Base */ = {isa = PBXFileReference; lastKnownFileType = file.storyboard; name = Base; path = Base.lproj/LaunchScreen.storyboard; sourceTree = "<group>"; };
		90F144461EE5053900C41501 /* Info.plist */ = {isa = PBXFileReference; lastKnownFileType = text.plist.xml; path = Info.plist; sourceTree = "<group>"; };
/* End PBXFileReference section */

/* Begin PBXFrameworksBuildPhase section */
		90F144341EE5053900C41501 /* Frameworks */ = {
			isa = PBXFrameworksBuildPhase;
			buildActionMask = 2147483647;
			files = (
			);
			runOnlyForDeploymentPostprocessing = 0;
		};
/* End PBXFrameworksBuildPhase section */

/* Begin PBXGroup section */
		90F1442E1EE5053900C41501 = {
			isa = PBXGroup;
			children = (
				90F144391EE5053900C41501 /* TrungCalculator */,
				90F144381EE5053900C41501 /* Products */,
			);
			sourceTree = "<group>";
		};
		90F144381EE5053900C41501 /* Products */ = {
			isa = PBXGroup;
			children = (
				90F144371EE5053900C41501 /* TrungCalculator.app */,
			);
			name = Products;
			sourceTree = "<group>";
		};
		90F144391EE5053900C41501 /* TrungCalculator */ = {
			isa = PBXGroup;
			children = (
				90EF28D71EE56A28006013D7 /* Parser.swift */,
				90EF28D81EE56A28006013D7 /* Fraction.swift */,
				90F1443A1EE5053900C41501 /* AppDelegate.swift */,
				90F1443C1EE5053900C41501 /* ViewController.swift */,
				90F1443E1EE5053900C41501 /* Main.storyboard */,
				90F144411EE5053900C41501 /* Assets.xcassets */,
				90F144431EE5053900C41501 /* LaunchScreen.storyboard */,
				90F144461EE5053900C41501 /* Info.plist */,
			);
			path = TrungCalculator;
			sourceTree = "<group>";
		};
/* End PBXGroup section */

/* Begin PBXNativeTarget section */
		90F144361EE5053900C41501 /* TrungCalculator */ = {
			isa = PBXNativeTarget;
			buildConfigurationList = 90F144491EE5053900C41501 /* Build configuration list for PBXNativeTarget "TrungCalculator" */;
			buildPhases = (
				90F144331EE5053900C41501 /* Sources */,
				90F144341EE5053900C41501 /* Frameworks */,
				90F144351EE5053900C41501 /* Resources */,
			);
			buildRules = (
			);
			dependencies = (
			);
			name = TrungCalculator;
			productName = TrungCalculator;
			productReference = 90F144371EE5053900C41501 /* TrungCalculator.app */;
			productType = "com.apple.product-type.application";
		};
/* End PBXNativeTarget section */

/* Begin PBXProject section */
		90F1442F1EE5053900C41501 /* Project object */ = {
			isa = PBXProject;
			attributes = {
				LastSwiftUpdateCheck = 0830;
				LastUpgradeCheck = 0830;
				ORGANIZATIONNAME = "Trung Le";
				TargetAttributes = {
					90F144361EE5053900C41501 = {
						CreatedOnToolsVersion = 8.3.2;
						ProvisioningStyle = Automatic;
					};
				};
			};
			buildConfigurationList = 90F144321EE5053900C41501 /* Build configuration list for PBXProject "TrungCalculator" */;
			compatibilityVersion = "Xcode 3.2";
			developmentRegion = English;
			hasScannedForEncodings = 0;
			knownRegions = (
				en,
				Base,
			);
			mainGroup = 90F1442E1EE5053900C41501;
			productRefGroup = 90F144381EE5053900C41501 /* Products */;
			projectDirPath = "";
			projectRoot = "";
			targets = (
				90F144361EE5053900C41501 /* TrungCalculator */,
			);
		};
/* End PBXProject section */

/* Begin PBXResourcesBuildPhase section */
		90F144351EE5053900C41501 /* Resources */ = {
			isa = PBXResourcesBuildPhase;
			buildActionMask = 2147483647;
			files = (
				90F144451EE5053900C41501 /* LaunchScreen.storyboard in Resources */,
				90F144421EE5053900C41501 /* Assets.xcassets in Resources */,
				90F144401EE5053900C41501 /* Main.storyboard in Resources */,
			);
			runOnlyForDeploymentPostprocessing = 0;
		};
/* End PBXResourcesBuildPhase section */

/* Begin PBXSourcesBuildPhase section */
		90F144331EE5053900C41501 /* Sources */ = {
			isa = PBXSourcesBuildPhase;
			buildActionMask = 2147483647;
			files = (
				90F1443D1EE5053900C41501 /* ViewController.swift in Sources */,
				90F1443B1EE5053900C41501 /* AppDelegate.swift in Sources */,
				90EF28D91EE56A28006013D7 /* Parser.swift in Sources */,
				90EF28DA1EE56A28006013D7 /* Fraction.swift in Sources */,
			);
			runOnlyForDeploymentPostprocessing = 0;
		};
/* End PBXSourcesBuildPhase section */

/* Begin PBXVariantGroup section */
		90F1443E1EE5053900C41501 /* Main.storyboard */ = {
			isa = PBXVariantGroup;
			children = (
				90F1443F1EE5053900C41501 /* Base */,
			);
			name = Main.storyboard;
			sourceTree = "<group>";
		};
		90F144431EE5053900C41501 /* LaunchScreen.storyboard */ = {
			isa = PBXVariantGroup;
			children = (
				90F144441EE5053900C41501 /* Base */,
			);
			name = LaunchScreen.storyboard;
			sourceTree = "<group>";
		};
/* End PBXVariantGroup section */

/* Begin XCBuildConfiguration section */
		90F144471EE5053900C41501 /* Debug */ = {
			isa = XCBuildConfiguration;
			buildSettings = {
				ALWAYS_SEARCH_USER_PATHS = NO;
				CLANG_ANALYZER_NONNULL = YES;
				CLANG_ANALYZER_NUMBER_OBJECT_CONVERSION = YES_AGGRESSIVE;
				CLANG_CXX_LANGUAGE_STANDARD = "gnu++0x";
				CLANG_CXX_LIBRARY = "libc++";
				CLANG_ENABLE_MODULES = YES;
				CLANG_ENABLE_OBJC_ARC = YES;
				CLANG_WARN_BOOL_CONVERSION = YES;
				CLANG_WARN_CONSTANT_CONVERSION = YES;
				CLANG_WARN_DIRECT_OBJC_ISA_USAGE = YES_ERROR;
				CLANG_WARN_DOCUMENTATION_COMMENTS = YES;
				CLANG_WARN_EMPTY_BODY = YES;
				CLANG_WARN_ENUM_CONVERSION = YES;
				CLANG_WARN_INFINITE_RECURSION = YES;
				CLANG_WARN_INT_CONVERSION = YES;
				CLANG_WARN_OBJC_ROOT_CLASS = YES_ERROR;
				CLANG_WARN_SUSPICIOUS_MOVE = YES;
				CLANG_WARN_UNREACHABLE_CODE = YES;
				CLANG_WARN__DUPLICATE_METHOD_MATCH = YES;
				"CODE_SIGN_IDENTITY[sdk=iphoneos*]" = "iPhone Developer";
				COPY_PHASE_STRIP = NO;
				DEBUG_INFORMATION_FORMAT = dwarf;
				ENABLE_STRICT_OBJC_MSGSEND = YES;
				ENABLE_TESTABILITY = YES;
				GCC_C_LANGUAGE_STANDARD = gnu99;
				GCC_DYNAMIC_NO_PIC = NO;
				GCC_NO_COMMON_BLOCKS = YES;
				GCC_OPTIMIZATION_LEVEL = 0;
				GCC_PREPROCESSOR_DEFINITIONS = (
					"DEBUG=1",
					"$(inherited)",
				);
				GCC_WARN_64_TO_32_BIT_CONVERSION = YES;
				GCC_WARN_ABOUT_RETURN_TYPE = YES_ERROR;
				GCC_WARN_UNDECLARED_SELECTOR = YES;
				GCC_WARN_UNINITIALIZED_AUTOS = YES_AGGRESSIVE;
				GCC_WARN_UNUSED_FUNCTION = YES;
				GCC_WARN_UNUSED_VARIABLE = YES;
				IPHONEOS_DEPLOYMENT_TARGET = 10.3;
				MTL_ENABLE_DEBUG_INFO = YES;
				ONLY_ACTIVE_ARCH = YES;
				SDKROOT = iphoneos;
				SWIFT_ACTIVE_COMPILATION_CONDITIONS = DEBUG;
				SWIFT_OPTIMIZATION_LEVEL = "-Onone";
				TARGETED_DEVICE_FAMILY = "1,2";
			};
			name = Debug;
		};
		90F144481EE5053900C41501 /* Release */ = {
			isa = XCBuildConfiguration;
			buildSettings = {
				ALWAYS_SEARCH_USER_PATHS = NO;
				CLANG_ANALYZER_NONNULL = YES;
				CLANG_ANALYZER_NUMBER_OBJECT_CONVERSION = YES_AGGRESSIVE;
				CLANG_CXX_LANGUAGE_STANDARD = "gnu++0x";
				CLANG_CXX_LIBRARY = "libc++";
				CLANG_ENABLE_MODULES = YES;
				CLANG_ENABLE_OBJC_ARC = YES;
				CLANG_WARN_BOOL_CONVERSION = YES;
				CLANG_WARN_CONSTANT_CONVERSION = YES;
				CLANG_WARN_DIRECT_OBJC_ISA_USAGE = YES_ERROR;
				CLANG_WARN_DOCUMENTATION_COMMENTS = YES;
				CLANG_WARN_EMPTY_BODY = YES;
				CLANG_WARN_ENUM_CONVERSION = YES;
				CLANG_WARN_INFINITE_RECURSION = YES;
				CLANG_WARN_INT_CONVERSION = YES;
				CLANG_WARN_OBJC_ROOT_CLASS = YES_ERROR;
				CLANG_WARN_SUSPICIOUS_MOVE = YES;
				CLANG_WARN_UNREACHABLE_CODE = YES;
				CLANG_WARN__DUPLICATE_METHOD_MATCH = YES;
				"CODE_SIGN_IDENTITY[sdk=iphoneos*]" = "iPhone Developer";
				COPY_PHASE_STRIP = NO;
				DEBUG_INFORMATION_FORMAT = "dwarf-with-dsym";
				ENABLE_NS_ASSERTIONS = NO;
				ENABLE_STRICT_OBJC_MSGSEND = YES;
				GCC_C_LANGUAGE_STANDARD = gnu99;
				GCC_NO_COMMON_BLOCKS = YES;
				GCC_WARN_64_TO_32_BIT_CONVERSION = YES;
				GCC_WARN_ABOUT_RETURN_TYPE = YES_ERROR;
				GCC_WARN_UNDECLARED_SELECTOR = YES;
				GCC_WARN_UNINITIALIZED_AUTOS = YES_AGGRESSIVE;
				GCC_WARN_UNUSED_FUNCTION = YES;
				GCC_WARN_UNUSED_VARIABLE = YES;
				IPHONEOS_DEPLOYMENT_TARGET = 10.3;
				MTL_ENABLE_DEBUG_INFO = NO;
				SDKROOT = iphoneos;
				SWIFT_OPTIMIZATION_LEVEL = "-Owholemodule";
				TARGETED_DEVICE_FAMILY = "1,2";
				VALIDATE_PRODUCT = YES;
			};
			name = Release;
		};
		90F1444A1EE5053900C41501 /* Debug */ = {
			isa = XCBuildConfiguration;
			buildSettings = {
				ASSETCATALOG_COMPILER_APPICON_NAME = AppIcon;
				INFOPLIST_FILE = TrungCalculator/Info.plist;
				LD_RUNPATH_SEARCH_PATHS = "$(inherited) @executable_path/Frameworks";
				PRODUCT_BUNDLE_IDENTIFIER = com.trungle.TrungCalculator;
				PRODUCT_NAME = "$(TARGET_NAME)";
				SWIFT_VERSION = 3.0;
			};
			name = Debug;
		};
		90F1444B1EE5053900C41501 /* Release */ = {
			isa = XCBuildConfiguration;
			buildSettings = {
				ASSETCATALOG_COMPILER_APPICON_NAME = AppIcon;
				INFOPLIST_FILE = TrungCalculator/Info.plist;
				LD_RUNPATH_SEARCH_PATHS = "$(inherited) @executable_path/Frameworks";
				PRODUCT_BUNDLE_IDENTIFIER = com.trungle.TrungCalculator;
				PRODUCT_NAME = "$(TARGET_NAME)";
				SWIFT_VERSION = 3.0;
			};
			name = Release;
		};
/* End XCBuildConfiguration section */

/* Begin XCConfigurationList section */
		90F144321EE5053900C41501 /* Build configuration list for PBXProject "TrungCalculator" */ = {
			isa = XCConfigurationList;
			buildConfigurations = (
				90F144471EE5053900C41501 /* Debug */,
				90F144481EE5053900C41501 /* Release */,
			);
			defaultConfigurationIsVisible = 0;
			defaultConfigurationName = Release;
		};
		90F144491EE5053900C41501 /* Build configuration list for PBXNativeTarget "TrungCalculator" */ = {
			isa = XCConfigurationList;
			buildConfigurations = (
				90F1444A1EE5053900C41501 /* Debug */,
				90F1444B1EE5053900C41501 /* Release */,
			);
			defaultConfigurationIsVisible = 0;
			defaultConfigurationName = Release;
		};
/* End XCConfigurationList section */
	};
	rootObject = 90F1442F1EE5053900C41501 /* Project object */;
}
